
Microsoft Visual Studio Solution File, Format Version 12.00
# Visual Studio Version 17
VisualStudioVersion = 17.13.35806.99 d17.13
MinimumVisualStudioVersion = 10.0.40219.1
Project("{FAE04EC0-301F-11D3-BF4B-00C04F79EFBC}") = "Imbali", "Imbali.csproj", "{C37AED4E-EE79-4207-AC5A-096804EFBFED}"
EndProject
Global
	GlobalSection(SolutionConfigurationPlatforms) = preSolution
		Debug|Any CPU = Debug|Any CPU
		Release|Any CPU = Release|Any CPU
	EndGlobalSection
	GlobalSection(ProjectConfigurationPlatforms) = postSolution
		{C37AED4E-EE79-4207-AC5A-096804EFBFED}.Debug|Any CPU.ActiveCfg = Debug|Any CPU
		{C37AED4E-EE79-4207-AC5A-096804EFBFED}.Debug|Any CPU.Build.0 = Debug|Any CPU
		{C37AED4E-EE79-4207-AC5A-096804EFBFED}.Release|Any CPU.ActiveCfg = Release|Any CPU
		{C37AED4E-EE79-4207-AC5A-096804EFBFED}.Release|Any CPU.Build.0 = Release|Any CPU
	EndGlobalSection
	GlobalSection(SolutionProperties) = preSolution
		HideSolutionNode = FALSE
	EndGlobalSection
	GlobalSection(ExtensibilityGlobals) = postSolution
		SolutionGuid = {6ED8551F-2C2D-4D3C-BAA2-5FF13A1454E4}
	EndGlobalSection
EndGlobal
